// !$*UTF8*$!
{
	archiveVersion = 1;
	classes = {
	};
	objectVersion = 46;
	objects = {

/* Begin PBXBuildFile section */
		224CA8FA179300A1007369FA /* ECSecurityTests.m in Sources */ = {isa = PBXBuildFile; fileRef = 224CA8F9179300A1007369FA /* ECSecurityTests.m */; };
		224CA8FB179300A1007369FA /* ECSecurityTests.m in Sources */ = {isa = PBXBuildFile; fileRef = 224CA8F9179300A1007369FA /* ECSecurityTests.m */; };
		224CA90017930120007369FA /* Foundation.framework in Frameworks */ = {isa = PBXBuildFile; fileRef = 224CA8FE17930120007369FA /* Foundation.framework */; };
		224CA90317930130007369FA /* Security.framework in Frameworks */ = {isa = PBXBuildFile; fileRef = 224CA90217930130007369FA /* Security.framework */; };
		224CA90517930145007369FA /* ECUnitTests.framework in Frameworks */ = {isa = PBXBuildFile; fileRef = 224CA90417930145007369FA /* ECUnitTests.framework */; };
		224CA90717930158007369FA /* SenTestingKit.framework in Frameworks */ = {isa = PBXBuildFile; fileRef = 224CA90617930158007369FA /* SenTestingKit.framework */; };
		224CA9081793017B007369FA /* SenTestingKit.framework in Frameworks */ = {isa = PBXBuildFile; fileRef = 224CA90617930158007369FA /* SenTestingKit.framework */; };
		224CA90917930182007369FA /* ECUnitTests.framework in Frameworks */ = {isa = PBXBuildFile; fileRef = 224CA90417930145007369FA /* ECUnitTests.framework */; };
		224CA90B179301F3007369FA /* Foundation.framework in Frameworks */ = {isa = PBXBuildFile; fileRef = 224CA90A179301F3007369FA /* Foundation.framework */; };
		224CA90C1793021A007369FA /* ECSecurity.framework in Resources */ = {isa = PBXBuildFile; fileRef = 2260A2FD15DFD7320057C9DA /* ECSecurity.framework */; };
		2260A37815DFDB830057C9DA /* ECKeychain.h in Headers */ = {isa = PBXBuildFile; fileRef = 22AE91EE14926289008EF8E2 /* ECKeychain.h */; settings = {ATTRIBUTES = (Public, ); }; };
		2260A37915DFDB830057C9DA /* ECKeychain.m in Sources */ = {isa = PBXBuildFile; fileRef = 22AE91EF1492628A008EF8E2 /* ECKeychain.m */; };
		2260A3A015DFE6860057C9DA /* ECSecurity.framework in Frameworks */ = {isa = PBXBuildFile; fileRef = 2260A2E915DFD7290057C9DA /* ECSecurity.framework */; };
		2260A3A615DFE7B30057C9DA /* ECSecurity.h in Headers */ = {isa = PBXBuildFile; fileRef = 2260A3A515DFE7B20057C9DA /* ECSecurity.h */; settings = {ATTRIBUTES = (Public, ); }; };
		2260A3A715DFE7B30057C9DA /* ECSecurity.h in Headers */ = {isa = PBXBuildFile; fileRef = 2260A3A515DFE7B20057C9DA /* ECSecurity.h */; settings = {ATTRIBUTES = (Public, ); }; };
		22C2DB5E14FB9ADC005D2E89 /* Test.bundle in Resources */ = {isa = PBXBuildFile; fileRef = 22C2DB5D14FB9ADC005D2E89 /* Test.bundle */; };
		22C2DBDB14FB9FD8005D2E89 /* Test.bundle in Resources */ = {isa = PBXBuildFile; fileRef = 22C2DB5D14FB9ADC005D2E89 /* Test.bundle */; };
/* End PBXBuildFile section */

/* Begin PBXContainerItemProxy section */
		2260A3C315DFF7370057C9DA /* PBXContainerItemProxy */ = {
			isa = PBXContainerItemProxy;
			containerPortal = 0867D690FE84028FC02AAC07 /* Project object */;
			proxyType = 1;
			remoteGlobalIDString = 2260A2E815DFD7290057C9DA;
			remoteInfo = ECCoreMac;
		};
		2260A3C515DFF73F0057C9DA /* PBXContainerItemProxy */ = {
			isa = PBXContainerItemProxy;
			containerPortal = 0867D690FE84028FC02AAC07 /* Project object */;
			proxyType = 1;
			remoteGlobalIDString = 2260A2FC15DFD7320057C9DA;
			remoteInfo = ECCoreIOS;
		};
/* End PBXContainerItemProxy section */

/* Begin PBXFileReference section */
		221662E914FB9315009B975D /* ECSecurityTests.plist */ = {isa = PBXFileReference; fileEncoding = 4; lastKnownFileType = text.plist.xml; name = ECSecurityTests.plist; path = Resources/Tests/ECSecurityTests.plist; sourceTree = SOURCE_ROOT; };
		224CA8F9179300A1007369FA /* ECSecurityTests.m */ = {isa = PBXFileReference; fileEncoding = 4; lastKnownFileType = sourcecode.c.objc; path = ECSecurityTests.m; sourceTree = "<group>"; };
		224CA8FE17930120007369FA /* Foundation.framework */ = {isa = PBXFileReference; lastKnownFileType = wrapper.framework; name = Foundation.framework; path = System/Library/Frameworks/Foundation.framework; sourceTree = SDKROOT; };
		224CA8FF17930120007369FA /* SecurityFoundation.framework */ = {isa = PBXFileReference; lastKnownFileType = wrapper.framework; name = SecurityFoundation.framework; path = System/Library/Frameworks/SecurityFoundation.framework; sourceTree = SDKROOT; };
		224CA90217930130007369FA /* Security.framework */ = {isa = PBXFileReference; lastKnownFileType = wrapper.framework; name = Security.framework; path = System/Library/Frameworks/Security.framework; sourceTree = SDKROOT; };
		224CA90417930145007369FA /* ECUnitTests.framework */ = {isa = PBXFileReference; lastKnownFileType = wrapper.framework; path = ECUnitTests.framework; sourceTree = BUILT_PRODUCTS_DIR; };
		224CA90617930158007369FA /* SenTestingKit.framework */ = {isa = PBXFileReference; lastKnownFileType = wrapper.framework; name = SenTestingKit.framework; path = Library/Frameworks/SenTestingKit.framework; sourceTree = DEVELOPER_DIR; };
		224CA90A179301F3007369FA /* Foundation.framework */ = {isa = PBXFileReference; lastKnownFileType = wrapper.framework; name = Foundation.framework; path = Platforms/iPhoneOS.platform/Developer/SDKs/iPhoneOS7.0.sdk/System/Library/Frameworks/Foundation.framework; sourceTree = DEVELOPER_DIR; };
		2260A2E915DFD7290057C9DA /* ECSecurity.framework */ = {isa = PBXFileReference; explicitFileType = wrapper.framework; includeInIndex = 0; path = ECSecurity.framework; sourceTree = BUILT_PRODUCTS_DIR; };
		2260A2FD15DFD7320057C9DA /* ECSecurity.framework */ = {isa = PBXFileReference; explicitFileType = wrapper.cfbundle; includeInIndex = 0; path = ECSecurity.framework; sourceTree = BUILT_PRODUCTS_DIR; };
		2260A30C15DFD96D0057C9DA /* IOSDebug.xcconfig */ = {isa = PBXFileReference; lastKnownFileType = text.xcconfig; path = IOSDebug.xcconfig; sourceTree = "<group>"; };
		2260A30D15DFD96D0057C9DA /* IOSRelease.xcconfig */ = {isa = PBXFileReference; lastKnownFileType = text.xcconfig; path = IOSRelease.xcconfig; sourceTree = "<group>"; };
		2260A30E15DFD96D0057C9DA /* IOSUnitTestDebug.xcconfig */ = {isa = PBXFileReference; lastKnownFileType = text.xcconfig; path = IOSUnitTestDebug.xcconfig; sourceTree = "<group>"; };
		2260A30F15DFD96D0057C9DA /* IOSUnitTestRelease.xcconfig */ = {isa = PBXFileReference; lastKnownFileType = text.xcconfig; path = IOSUnitTestRelease.xcconfig; sourceTree = "<group>"; };
		2260A31015DFD96D0057C9DA /* MacDebug.xcconfig */ = {isa = PBXFileReference; lastKnownFileType = text.xcconfig; path = MacDebug.xcconfig; sourceTree = "<group>"; };
		2260A31115DFD96D0057C9DA /* MacRelease.xcconfig */ = {isa = PBXFileReference; lastKnownFileType = text.xcconfig; path = MacRelease.xcconfig; sourceTree = "<group>"; };
		2260A31215DFD96D0057C9DA /* MacUnitTestDebug.xcconfig */ = {isa = PBXFileReference; lastKnownFileType = text.xcconfig; path = MacUnitTestDebug.xcconfig; sourceTree = "<group>"; };
		2260A31315DFD96D0057C9DA /* MacUnitTestRelease.xcconfig */ = {isa = PBXFileReference; lastKnownFileType = text.xcconfig; path = MacUnitTestRelease.xcconfig; sourceTree = "<group>"; };
		2260A39615DFDC600057C9DA /* Shared.xcconfig */ = {isa = PBXFileReference; lastKnownFileType = text.xcconfig; path = Shared.xcconfig; sourceTree = "<group>"; };
		2260A3A515DFE7B20057C9DA /* ECSecurity.h */ = {isa = PBXFileReference; fileEncoding = 4; lastKnownFileType = sourcecode.c.h; path = ECSecurity.h; sourceTree = "<group>"; };
		2260A3AC15DFEF4F0057C9DA /* Info.plist */ = {isa = PBXFileReference; lastKnownFileType = text.plist.xml; name = Info.plist; path = Resources/Info.plist; sourceTree = SOURCE_ROOT; };
		226C205C14FBCB8F00D2751B /* Scripts */ = {isa = PBXFileReference; lastKnownFileType = folder; path = Scripts; sourceTree = "<group>"; };
		22728A66124A240500A9881F /* ECSecurityDebug.pch */ = {isa = PBXFileReference; fileEncoding = 4; lastKnownFileType = sourcecode.c.h; path = ECSecurityDebug.pch; sourceTree = "<group>"; };
		22728A67124A240500A9881F /* ECSecurityRelease.pch */ = {isa = PBXFileReference; fileEncoding = 4; lastKnownFileType = sourcecode.c.h; path = ECSecurityRelease.pch; sourceTree = "<group>"; };
		22728A68124A240500A9881F /* ECSecurityShared.pch */ = {isa = PBXFileReference; fileEncoding = 4; lastKnownFileType = sourcecode.c.h; path = ECSecurityShared.pch; sourceTree = "<group>"; };
		2283A3F514F52EC0009142F7 /* ECSecurityMacTests.xctest */ = {isa = PBXFileReference; explicitFileType = wrapper.cfbundle; includeInIndex = 0; path = ECSecurityMacTests.xctest; sourceTree = BUILT_PRODUCTS_DIR; };
		22AE91EE14926289008EF8E2 /* ECKeychain.h */ = {isa = PBXFileReference; fileEncoding = 4; lastKnownFileType = sourcecode.c.h; path = ECKeychain.h; sourceTree = "<group>"; };
		22AE91EF1492628A008EF8E2 /* ECKeychain.m */ = {isa = PBXFileReference; fileEncoding = 4; lastKnownFileType = sourcecode.c.objc; path = ECKeychain.m; sourceTree = "<group>"; };
		22C2DB5D14FB9ADC005D2E89 /* Test.bundle */ = {isa = PBXFileReference; lastKnownFileType = "wrapper.plug-in"; name = Test.bundle; path = ../ECLogging/Resources/Test.bundle; sourceTree = SOURCE_ROOT; };
		22C2DB7114FB9CC8005D2E89 /* ECSecurityIOSTests.xctest */ = {isa = PBXFileReference; explicitFileType = wrapper.cfbundle; includeInIndex = 0; path = ECSecurityIOSTests.xctest; sourceTree = BUILT_PRODUCTS_DIR; };
/* End PBXFileReference section */

/* Begin PBXFrameworksBuildPhase section */
		2260A2E515DFD7290057C9DA /* Frameworks */ = {
			isa = PBXFrameworksBuildPhase;
			buildActionMask = 2147483647;
			files = (
				224CA90317930130007369FA /* Security.framework in Frameworks */,
				224CA90017930120007369FA /* Foundation.framework in Frameworks */,
			);
			runOnlyForDeploymentPostprocessing = 0;
		};
		2260A2FA15DFD7320057C9DA /* Frameworks */ = {
			isa = PBXFrameworksBuildPhase;
			buildActionMask = 2147483647;
			files = (
			);
			runOnlyForDeploymentPostprocessing = 0;
		};
		2283A3F114F52EC0009142F7 /* Frameworks */ = {
			isa = PBXFrameworksBuildPhase;
			buildActionMask = 2147483647;
			files = (
				224CA90717930158007369FA /* SenTestingKit.framework in Frameworks */,
				224CA90517930145007369FA /* ECUnitTests.framework in Frameworks */,
				2260A3A015DFE6860057C9DA /* ECSecurity.framework in Frameworks */,
			);
			runOnlyForDeploymentPostprocessing = 0;
		};
		22C2DB6D14FB9CC8005D2E89 /* Frameworks */ = {
			isa = PBXFrameworksBuildPhase;
			buildActionMask = 2147483647;
			files = (
				224CA90B179301F3007369FA /* Foundation.framework in Frameworks */,
				224CA90917930182007369FA /* ECUnitTests.framework in Frameworks */,
				224CA9081793017B007369FA /* SenTestingKit.framework in Frameworks */,
			);
			runOnlyForDeploymentPostprocessing = 0;
		};
/* End PBXFrameworksBuildPhase section */

/* Begin PBXGroup section */
		034768DFFF38A50411DB9C8B /* Products */ = {
			isa = PBXGroup;
			children = (
				2283A3F514F52EC0009142F7 /* ECSecurityMacTests.xctest */,
				22C2DB7114FB9CC8005D2E89 /* ECSecurityIOSTests.xctest */,
				2260A2E915DFD7290057C9DA /* ECSecurity.framework */,
				2260A2FD15DFD7320057C9DA /* ECSecurity.framework */,
			);
			name = Products;
			sourceTree = "<group>";
		};
		0867D691FE84028FC02AAC07 /* ECFoundation */ = {
			isa = PBXGroup;
			children = (
				2260A30B15DFD8FB0057C9DA /* Source */,
				089C1665FE841158C02AAC07 /* Resources */,
				226C205C14FBCB8F00D2751B /* Scripts */,
				0867D69AFE84028FC02AAC07 /* Frameworks */,
				034768DFFF38A50411DB9C8B /* Products */,
			);
			name = ECFoundation;
			sourceTree = "<group>";
			usesTabs = 1;
		};
		0867D69AFE84028FC02AAC07 /* Frameworks */ = {
			isa = PBXGroup;
			children = (
				224CA90A179301F3007369FA /* Foundation.framework */,
				224CA90617930158007369FA /* SenTestingKit.framework */,
				224CA90417930145007369FA /* ECUnitTests.framework */,
				224CA90217930130007369FA /* Security.framework */,
				224CA8FE17930120007369FA /* Foundation.framework */,
				224CA8FF17930120007369FA /* SecurityFoundation.framework */,
			);
			name = Frameworks;
			sourceTree = "<group>";
		};
		089C1665FE841158C02AAC07 /* Resources */ = {
			isa = PBXGroup;
			children = (
				2260A3AC15DFEF4F0057C9DA /* Info.plist */,
				223CBAFB1205C7680008A641 /* tests */,
			);
			path = Resources;
			sourceTree = "<group>";
		};
		2210B5D41152E630006C6CCA /* Configuration */ = {
			isa = PBXGroup;
			children = (
				2260A30C15DFD96D0057C9DA /* IOSDebug.xcconfig */,
				2260A30D15DFD96D0057C9DA /* IOSRelease.xcconfig */,
				2260A30E15DFD96D0057C9DA /* IOSUnitTestDebug.xcconfig */,
				2260A30F15DFD96D0057C9DA /* IOSUnitTestRelease.xcconfig */,
				2260A31015DFD96D0057C9DA /* MacDebug.xcconfig */,
				2260A31115DFD96D0057C9DA /* MacRelease.xcconfig */,
				2260A31215DFD96D0057C9DA /* MacUnitTestDebug.xcconfig */,
				2260A31315DFD96D0057C9DA /* MacUnitTestRelease.xcconfig */,
				2260A39615DFDC600057C9DA /* Shared.xcconfig */,
			);
			path = Configuration;
			sourceTree = "<group>";
		};
		223CBAFB1205C7680008A641 /* tests */ = {
			isa = PBXGroup;
			children = (
				221662E914FB9315009B975D /* ECSecurityTests.plist */,
				22C2DB5D14FB9ADC005D2E89 /* Test.bundle */,
			);
			name = tests;
			path = resources/tests;
			sourceTree = "<group>";
		};
		224CA8F8179300A1007369FA /* Tests */ = {
			isa = PBXGroup;
			children = (
				224CA8F9179300A1007369FA /* ECSecurityTests.m */,
			);
			path = Tests;
			sourceTree = "<group>";
		};
		2260A30B15DFD8FB0057C9DA /* Source */ = {
			isa = PBXGroup;
			children = (
				2210B5D41152E630006C6CCA /* Configuration */,
				22CA555E13DA09FF007E89E2 /* Generic */,
				22CA557F13DA09FF007E89E2 /* Mac */,
				22728A64124A240500A9881F /* Prefix */,
				224CA8F8179300A1007369FA /* Tests */,
			);
			path = Source;
			sourceTree = "<group>";
		};
		22728A64124A240500A9881F /* Prefix */ = {
			isa = PBXGroup;
			children = (
				22728A66124A240500A9881F /* ECSecurityDebug.pch */,
				22728A67124A240500A9881F /* ECSecurityRelease.pch */,
				22728A68124A240500A9881F /* ECSecurityShared.pch */,
			);
			path = Prefix;
			sourceTree = "<group>";
		};
		22CA555E13DA09FF007E89E2 /* Generic */ = {
			isa = PBXGroup;
			children = (
				2260A3A515DFE7B20057C9DA /* ECSecurity.h */,
			);
			path = Generic;
			sourceTree = "<group>";
		};
		22CA557F13DA09FF007E89E2 /* Mac */ = {
			isa = PBXGroup;
			children = (
				22AE91EE14926289008EF8E2 /* ECKeychain.h */,
				22AE91EF1492628A008EF8E2 /* ECKeychain.m */,
			);
			path = Mac;
			sourceTree = "<group>";
		};
/* End PBXGroup section */

/* Begin PBXHeadersBuildPhase section */
		2260A2E615DFD7290057C9DA /* Headers */ = {
			isa = PBXHeadersBuildPhase;
			buildActionMask = 2147483647;
			files = (
				2260A37815DFDB830057C9DA /* ECKeychain.h in Headers */,
				2260A3A615DFE7B30057C9DA /* ECSecurity.h in Headers */,
			);
			runOnlyForDeploymentPostprocessing = 0;
		};
		2260A33F15DFDB680057C9DA /* Headers */ = {
			isa = PBXHeadersBuildPhase;
			buildActionMask = 2147483647;
			files = (
				2260A3A715DFE7B30057C9DA /* ECSecurity.h in Headers */,
			);
			runOnlyForDeploymentPostprocessing = 0;
		};
/* End PBXHeadersBuildPhase section */

/* Begin PBXNativeTarget section */
		2260A2E815DFD7290057C9DA /* ECSecurityMac */ = {
			isa = PBXNativeTarget;
			buildConfigurationList = 2260A2F515DFD7290057C9DA /* Build configuration list for PBXNativeTarget "ECSecurityMac" */;
			buildPhases = (
				2260A2E415DFD7290057C9DA /* Sources */,
				2260A2E515DFD7290057C9DA /* Frameworks */,
				2260A2E615DFD7290057C9DA /* Headers */,
				2260A2E715DFD7290057C9DA /* Resources */,
			);
			buildRules = (
			);
			dependencies = (
			);
			name = ECSecurityMac;
			productName = MacFramework;
			productReference = 2260A2E915DFD7290057C9DA /* ECSecurity.framework */;
			productType = "com.apple.product-type.framework";
		};
		2260A2FC15DFD7320057C9DA /* ECSecurityIOS */ = {
			isa = PBXNativeTarget;
			buildConfigurationList = 2260A30715DFD7320057C9DA /* Build configuration list for PBXNativeTarget "ECSecurityIOS" */;
			buildPhases = (
				2260A2F915DFD7320057C9DA /* Sources */,
				2260A33F15DFDB680057C9DA /* Headers */,
				2260A2FA15DFD7320057C9DA /* Frameworks */,
				2260A2FB15DFD7320057C9DA /* Resources */,
				2260A39F15DFE3CF0057C9DA /* ShellScript */,
			);
			buildRules = (
			);
			dependencies = (
			);
			name = ECSecurityIOS;
			productName = "iOS Bundle";
			productReference = 2260A2FD15DFD7320057C9DA /* ECSecurity.framework */;
			productType = "com.apple.product-type.bundle";
		};
		2283A3F414F52EC0009142F7 /* ECSecurityMacTests */ = {
			isa = PBXNativeTarget;
			buildConfigurationList = 2283A40814F52EC0009142F7 /* Build configuration list for PBXNativeTarget "ECSecurityMacTests" */;
			buildPhases = (
				2283A3F014F52EC0009142F7 /* Sources */,
				2283A3F114F52EC0009142F7 /* Frameworks */,
				2283A3F214F52EC0009142F7 /* Resources */,
				2283A3F314F52EC0009142F7 /* ShellScript */,
			);
			buildRules = (
			);
			dependencies = (
				2260A3C415DFF7370057C9DA /* PBXTargetDependency */,
			);
			name = ECSecurityMacTests;
			productName = libECCoreMacTests;
			productReference = 2283A3F514F52EC0009142F7 /* ECSecurityMacTests.xctest */;
			productType = "com.apple.product-type.bundle";
		};
		22C2DB7014FB9CC8005D2E89 /* ECSecurityIOSTests */ = {
			isa = PBXNativeTarget;
			buildConfigurationList = 22C2DB8614FB9CC8005D2E89 /* Build configuration list for PBXNativeTarget "ECSecurityIOSTests" */;
			buildPhases = (
				22C2DB6C14FB9CC8005D2E89 /* Sources */,
				22C2DB6D14FB9CC8005D2E89 /* Frameworks */,
				22C2DB6E14FB9CC8005D2E89 /* Resources */,
				22C2DB6F14FB9CC8005D2E89 /* ShellScript */,
			);
			buildRules = (
			);
			dependencies = (
				2260A3C615DFF73F0057C9DA /* PBXTargetDependency */,
			);
			name = ECSecurityIOSTests;
			productName = ECCoreIOSTests;
			productReference = 22C2DB7114FB9CC8005D2E89 /* ECSecurityIOSTests.xctest */;
			productType = "com.apple.product-type.bundle";
		};
/* End PBXNativeTarget section */

/* Begin PBXProject section */
		0867D690FE84028FC02AAC07 /* Project object */ = {
			isa = PBXProject;
			attributes = {
				LastUpgradeCheck = 0500;
				ORGANIZATIONNAME = "Elegant Chaos";
			};
			buildConfigurationList = 1DEB91B108733DA50010E9CD /* Build configuration list for PBXProject "ECSecurity" */;
			compatibilityVersion = "Xcode 3.2";
			developmentRegion = English;
			hasScannedForEncodings = 1;
			knownRegions = (
				English,
				Japanese,
				French,
				German,
				en,
				ec,
			);
			mainGroup = 0867D691FE84028FC02AAC07 /* ECFoundation */;
			productRefGroup = 034768DFFF38A50411DB9C8B /* Products */;
			projectDirPath = "";
			projectRoot = "";
			targets = (
				2260A2E815DFD7290057C9DA /* ECSecurityMac */,
				2260A2FC15DFD7320057C9DA /* ECSecurityIOS */,
				2283A3F414F52EC0009142F7 /* ECSecurityMacTests */,
				22C2DB7014FB9CC8005D2E89 /* ECSecurityIOSTests */,
			);
		};
/* End PBXProject section */

/* Begin PBXResourcesBuildPhase section */
		2260A2E715DFD7290057C9DA /* Resources */ = {
			isa = PBXResourcesBuildPhase;
			buildActionMask = 2147483647;
			files = (
			);
			runOnlyForDeploymentPostprocessing = 0;
		};
		2260A2FB15DFD7320057C9DA /* Resources */ = {
			isa = PBXResourcesBuildPhase;
			buildActionMask = 2147483647;
			files = (
			);
			runOnlyForDeploymentPostprocessing = 0;
		};
		2283A3F214F52EC0009142F7 /* Resources */ = {
			isa = PBXResourcesBuildPhase;
			buildActionMask = 2147483647;
			files = (
				22C2DB5E14FB9ADC005D2E89 /* Test.bundle in Resources */,
			);
			runOnlyForDeploymentPostprocessing = 0;
		};
		22C2DB6E14FB9CC8005D2E89 /* Resources */ = {
			isa = PBXResourcesBuildPhase;
			buildActionMask = 2147483647;
			files = (
				224CA90C1793021A007369FA /* ECSecurity.framework in Resources */,
				22C2DBDB14FB9FD8005D2E89 /* Test.bundle in Resources */,
			);
			runOnlyForDeploymentPostprocessing = 0;
		};
/* End PBXResourcesBuildPhase section */

/* Begin PBXShellScriptBuildPhase section */
		2260A39F15DFE3CF0057C9DA /* ShellScript */ = {
			isa = PBXShellScriptBuildPhase;
			buildActionMask = 2147483647;
			files = (
			);
			inputPaths = (
			);
			outputPaths = (
			);
			runOnlyForDeploymentPostprocessing = 0;
			shellPath = /bin/sh;
			shellScript = "\"${ECLOGGING_SCRIPTS_PATH}/package-pseudo-framework.sh\"";
		};
		2283A3F314F52EC0009142F7 /* ShellScript */ = {
			isa = PBXShellScriptBuildPhase;
			buildActionMask = 2147483647;
			files = (
			);
			inputPaths = (
			);
			outputPaths = (
			);
			runOnlyForDeploymentPostprocessing = 0;
			shellPath = /bin/sh;
			shellScript = "# Run the unit tests in this test bundle.\n\"${SYSTEM_DEVELOPER_DIR}/Tools/RunUnitTests\"\n";
		};
		22C2DB6F14FB9CC8005D2E89 /* ShellScript */ = {
			isa = PBXShellScriptBuildPhase;
			buildActionMask = 2147483647;
			files = (
			);
			inputPaths = (
			);
			outputPaths = (
			);
			runOnlyForDeploymentPostprocessing = 0;
			shellPath = /bin/sh;
			shellScript = "# Run the unit tests in this test bundle.\n\"${SYSTEM_DEVELOPER_DIR}/Tools/RunUnitTests\"\n";
		};
/* End PBXShellScriptBuildPhase section */

/* Begin PBXSourcesBuildPhase section */
		2260A2E415DFD7290057C9DA /* Sources */ = {
			isa = PBXSourcesBuildPhase;
			buildActionMask = 2147483647;
			files = (
				2260A37915DFDB830057C9DA /* ECKeychain.m in Sources */,
			);
			runOnlyForDeploymentPostprocessing = 0;
		};
		2260A2F915DFD7320057C9DA /* Sources */ = {
			isa = PBXSourcesBuildPhase;
			buildActionMask = 2147483647;
			files = (
			);
			runOnlyForDeploymentPostprocessing = 0;
		};
		2283A3F014F52EC0009142F7 /* Sources */ = {
			isa = PBXSourcesBuildPhase;
			buildActionMask = 2147483647;
			files = (
				224CA8FA179300A1007369FA /* ECSecurityTests.m in Sources */,
			);
			runOnlyForDeploymentPostprocessing = 0;
		};
		22C2DB6C14FB9CC8005D2E89 /* Sources */ = {
			isa = PBXSourcesBuildPhase;
			buildActionMask = 2147483647;
			files = (
				224CA8FB179300A1007369FA /* ECSecurityTests.m in Sources */,
			);
			runOnlyForDeploymentPostprocessing = 0;
		};
/* End PBXSourcesBuildPhase section */

/* Begin PBXTargetDependency section */
		2260A3C415DFF7370057C9DA /* PBXTargetDependency */ = {
			isa = PBXTargetDependency;
			target = 2260A2E815DFD7290057C9DA /* ECSecurityMac */;
			targetProxy = 2260A3C315DFF7370057C9DA /* PBXContainerItemProxy */;
		};
		2260A3C615DFF73F0057C9DA /* PBXTargetDependency */ = {
			isa = PBXTargetDependency;
			target = 2260A2FC15DFD7320057C9DA /* ECSecurityIOS */;
			targetProxy = 2260A3C515DFF73F0057C9DA /* PBXContainerItemProxy */;
		};
/* End PBXTargetDependency section */

/* Begin XCBuildConfiguration section */
		1DEB91B208733DA50010E9CD /* Debug */ = {
			isa = XCBuildConfiguration;
			buildSettings = {
				ONLY_ACTIVE_ARCH = YES;
			};
			name = Debug;
		};
		1DEB91B308733DA50010E9CD /* Release */ = {
			isa = XCBuildConfiguration;
			buildSettings = {
			};
			name = Release;
		};
		2260A2F615DFD7290057C9DA /* Debug */ = {
			isa = XCBuildConfiguration;
			baseConfigurationReference = 2260A31015DFD96D0057C9DA /* MacDebug.xcconfig */;
			buildSettings = {
				COMBINE_HIDPI_IMAGES = YES;
				GCC_PREFIX_HEADER = "Source/Prefix/$(PRODUCT_NAME)$(CONFIGURATION).pch";
			};
			name = Debug;
		};
		2260A2F715DFD7290057C9DA /* Release */ = {
			isa = XCBuildConfiguration;
			baseConfigurationReference = 2260A31115DFD96D0057C9DA /* MacRelease.xcconfig */;
			buildSettings = {
				COMBINE_HIDPI_IMAGES = YES;
				GCC_PREFIX_HEADER = "Source/Prefix/$(PRODUCT_NAME)$(CONFIGURATION).pch";
			};
			name = Release;
		};
		2260A30815DFD7320057C9DA /* Debug */ = {
			isa = XCBuildConfiguration;
			baseConfigurationReference = 2260A30C15DFD96D0057C9DA /* IOSDebug.xcconfig */;
			buildSettings = {
			};
			name = Debug;
		};
		2260A30915DFD7320057C9DA /* Release */ = {
			isa = XCBuildConfiguration;
			baseConfigurationReference = 2260A30D15DFD96D0057C9DA /* IOSRelease.xcconfig */;
			buildSettings = {
			};
			name = Release;
		};
		2283A40914F52EC0009142F7 /* Debug */ = {
			isa = XCBuildConfiguration;
			baseConfigurationReference = 2260A31215DFD96D0057C9DA /* MacUnitTestDebug.xcconfig */;
			buildSettings = {
				COMBINE_HIDPI_IMAGES = YES;
				FRAMEWORK_SEARCH_PATHS = (
					"$(inherited)",
					"$(SRCROOT)/../../../../../../../../../../../castor/Caches/DerivedData/ECIntegration-fbajcwyruhnhxzgnphlhxaexutkp/Build/Products/Debug",
					"$(DEVELOPER_FRAMEWORKS_DIR)",
				);
				OTHER_LDFLAGS = (
					"-all_load",
					"-ObjC",
				);
			};
			name = Debug;
		};
		2283A40A14F52EC0009142F7 /* Release */ = {
			isa = XCBuildConfiguration;
			baseConfigurationReference = 2260A31315DFD96D0057C9DA /* MacUnitTestRelease.xcconfig */;
			buildSettings = {
				COMBINE_HIDPI_IMAGES = YES;
				FRAMEWORK_SEARCH_PATHS = (
					"$(inherited)",
					"$(SRCROOT)/../../../../../../../../../../../castor/Caches/DerivedData/ECIntegration-fbajcwyruhnhxzgnphlhxaexutkp/Build/Products/Debug",
					"$(DEVELOPER_FRAMEWORKS_DIR)",
				);
				OTHER_LDFLAGS = (
					"-all_load",
					"-ObjC",
				);
			};
			name = Release;
		};
		22C2DB8714FB9CC8005D2E89 /* Debug */ = {
			isa = XCBuildConfiguration;
			baseConfigurationReference = 2260A30E15DFD96D0057C9DA /* IOSUnitTestDebug.xcconfig */;
			buildSettings = {
				FRAMEWORK_SEARCH_PATHS = (
					"$(inherited)",
					"$(DEVELOPER_FRAMEWORKS_DIR)",
				);
				OTHER_LDFLAGS = (
					"-all_load",
					"-ObjC",
				);
			};
			name = Debug;
		};
		22C2DB8814FB9CC8005D2E89 /* Release */ = {
			isa = XCBuildConfiguration;
			baseConfigurationReference = 2260A30F15DFD96D0057C9DA /* IOSUnitTestRelease.xcconfig */;
			buildSettings = {
				FRAMEWORK_SEARCH_PATHS = (
					"$(inherited)",
					"$(DEVELOPER_FRAMEWORKS_DIR)",
				);
				OTHER_LDFLAGS = (
					"-all_load",
					"-ObjC",
				);
			};
			name = Release;
		};
/* End XCBuildConfiguration section */

/* Begin XCConfigurationList section */
		1DEB91B108733DA50010E9CD /* Build configuration list for PBXProject "ECSecurity" */ = {
			isa = XCConfigurationList;
			buildConfigurations = (
				1DEB91B208733DA50010E9CD /* Debug */,
				1DEB91B308733DA50010E9CD /* Release */,
			);
			defaultConfigurationIsVisible = 0;
			defaultConfigurationName = Release;
		};
		2260A2F515DFD7290057C9DA /* Build configuration list for PBXNativeTarget "ECSecurityMac" */ = {
			isa = XCConfigurationList;
			buildConfigurations = (
				2260A2F615DFD7290057C9DA /* Debug */,
				2260A2F715DFD7290057C9DA /* Release */,
			);
			defaultConfigurationIsVisible = 0;
			defaultConfigurationName = Release;
		};
		2260A30715DFD7320057C9DA /* Build configuration list for PBXNativeTarget "ECSecurityIOS" */ = {
			isa = XCConfigurationList;
			buildConfigurations = (
				2260A30815DFD7320057C9DA /* Debug */,
				2260A30915DFD7320057C9DA /* Release */,
			);
			defaultConfigurationIsVisible = 0;
			defaultConfigurationName = Release;
		};
		2283A40814F52EC0009142F7 /* Build configuration list for PBXNativeTarget "ECSecurityMacTests" */ = {
			isa = XCConfigurationList;
			buildConfigurations = (
				2283A40914F52EC0009142F7 /* Debug */,
				2283A40A14F52EC0009142F7 /* Release */,
			);
			defaultConfigurationIsVisible = 0;
			defaultConfigurationName = Release;
		};
		22C2DB8614FB9CC8005D2E89 /* Build configuration list for PBXNativeTarget "ECSecurityIOSTests" */ = {
			isa = XCConfigurationList;
			buildConfigurations = (
				22C2DB8714FB9CC8005D2E89 /* Debug */,
				22C2DB8814FB9CC8005D2E89 /* Release */,
			);
			defaultConfigurationIsVisible = 0;
			defaultConfigurationName = Release;
		};
/* End XCConfigurationList section */
	};
	rootObject = 0867D690FE84028FC02AAC07 /* Project object */;
}
